[[package]]
name = "attrs"
version = "21.4.0"
description = "Classes Without Boilerplate"
category = "main"
optional = false
python-versions = ">=2.7, !=3.0.*, !=3.1.*, !=3.2.*, !=3.3.*, !=3.4.*"

[package.extras]
dev = ["coverage[toml] (>=5.0.2)", "hypothesis", "pympler", "pytest (>=4.3.0)", "six", "mypy", "pytest-mypy-plugins", "zope.interface", "furo", "sphinx", "sphinx-notfound-page", "pre-commit", "cloudpickle"]
docs = ["furo", "sphinx", "zope.interface", "sphinx-notfound-page"]
tests = ["coverage[toml] (>=5.0.2)", "hypothesis", "pympler", "pytest (>=4.3.0)", "six", "mypy", "pytest-mypy-plugins", "zope.interface", "cloudpickle"]
tests_no_zope = ["coverage[toml] (>=5.0.2)", "hypothesis", "pympler", "pytest (>=4.3.0)", "six", "mypy", "pytest-mypy-plugins", "cloudpickle"]

[[package]]
name = "bdrmapit"
version = "0.1.4"
description = ""
category = "main"
optional = false
python-versions = ">=3"
develop = true

[package.dependencies]
jsonschema = "*"
pandas = "*"
traceutils = ">=6.15.7"

[package.source]
type = "directory"
url = "extern/bdrmapit"

[[package]]
name = "beautifulsoup4"
version = "4.10.0"
description = "Screen-scraping library"
category = "main"
optional = false
python-versions = ">3.0.0"

[package.dependencies]
soupsieve = ">1.2"

[package.extras]
html5lib = ["html5lib"]
lxml = ["lxml"]

[[package]]
name = "certifi"
version = "2021.10.8"
description = "Python package for providing Mozilla's CA Bundle."
category = "main"
optional = false
python-versions = "*"

[[package]]
name = "charset-normalizer"
version = "2.0.12"
description = "The Real First Universal Charset Detector. Open, modern and actively maintained alternative to Chardet."
category = "main"
optional = false
python-versions = ">=3.5.0"

[package.extras]
unicode_backport = ["unicodedata2"]

[[package]]
name = "cython"
version = "0.29.28"
description = "The Cython compiler for writing C extensions for the Python language."
category = "main"
optional = false
python-versions = ">=2.6, !=3.0.*, !=3.1.*, !=3.2.*"

[[package]]
name = "humanfriendly"
version = "10.0"
description = "Human friendly output for text interfaces using Python"
category = "main"
optional = false
python-versions = ">=2.7, !=3.0.*, !=3.1.*, !=3.2.*, !=3.3.*, !=3.4.*"

[package.dependencies]
pyreadline = {version = "*", markers = "sys_platform == \"win32\" and python_version < \"3.8\""}
pyreadline3 = {version = "*", markers = "sys_platform == \"win32\" and python_version >= \"3.8\""}

[[package]]
name = "idna"
version = "3.3"
description = "Internationalized Domain Names in Applications (IDNA)"
category = "main"
optional = false
python-versions = ">=3.5"

[[package]]
name = "importlib-metadata"
version = "4.11.1"
description = "Read metadata from Python packages"
category = "main"
optional = false
python-versions = ">=3.7"

[package.dependencies]
typing-extensions = {version = ">=3.6.4", markers = "python_version < \"3.8\""}
zipp = ">=0.5"

[package.extras]
docs = ["sphinx", "jaraco.packaging (>=8.2)", "rst.linker (>=1.9)"]
perf = ["ipython"]
testing = ["pytest (>=6)", "pytest-checkdocs (>=2.4)", "pytest-flake8", "pytest-cov", "pytest-enabler (>=1.0.1)", "packaging", "pyfakefs", "flufl.flake8", "pytest-perf (>=0.9.2)", "pytest-black (>=0.3.7)", "pytest-mypy (>=0.9.1)", "importlib-resources (>=1.3)"]

[[package]]
name = "importlib-resources"
version = "5.4.0"
description = "Read resources from Python packages"
category = "main"
optional = false
python-versions = ">=3.6"

[package.dependencies]
zipp = {version = ">=3.1.0", markers = "python_version < \"3.10\""}

[package.extras]
docs = ["sphinx", "jaraco.packaging (>=8.2)", "rst.linker (>=1.9)"]
testing = ["pytest (>=6)", "pytest-checkdocs (>=2.4)", "pytest-flake8", "pytest-cov", "pytest-enabler (>=1.0.1)", "pytest-black (>=0.3.7)", "pytest-mypy"]

[[package]]
name = "ip2as"
version = "0.0.1"
description = "Create prefix-to-AS mappings."
category = "main"
optional = false
python-versions = ">3.6"
develop = true

[package.dependencies]
traceutils = "*"

[package.source]
type = "directory"
url = "extern/ip2as"

[[package]]
name = "jsonschema"
version = "4.4.0"
description = "An implementation of JSON Schema validation for Python"
category = "main"
optional = false
python-versions = ">=3.7"

[package.dependencies]
attrs = ">=17.4.0"
importlib-metadata = {version = "*", markers = "python_version < \"3.8\""}
importlib-resources = {version = ">=1.4.0", markers = "python_version < \"3.9\""}
pyrsistent = ">=0.14.0,<0.17.0 || >0.17.0,<0.17.1 || >0.17.1,<0.17.2 || >0.17.2"
typing-extensions = {version = "*", markers = "python_version < \"3.8\""}

[package.extras]
format = ["fqdn", "idna", "isoduration", "jsonpointer (>1.13)", "rfc3339-validator", "rfc3987", "uri-template", "webcolors (>=1.11)"]
format_nongpl = ["fqdn", "idna", "isoduration", "jsonpointer (>1.13)", "rfc3339-validator", "rfc3986-validator (>0.1.0)", "uri-template", "webcolors (>=1.11)"]

[[package]]
name = "numpy"
version = "1.21.5"
description = "NumPy is the fundamental package for array computing with Python."
category = "main"
optional = false
python-versions = ">=3.7,<3.11"

[[package]]
name = "numpy"
version = "1.22.2"
description = "NumPy is the fundamental package for array computing with Python."
category = "main"
optional = false
python-versions = ">=3.8"

[[package]]
name = "orjson"
version = "3.6.7"
description = "Fast, correct Python JSON library supporting dataclasses, datetimes, and numpy"
category = "main"
optional = false
python-versions = ">=3.7"

[[package]]
name = "pandas"
version = "1.3.5"
description = "Powerful data structures for data analysis, time series, and statistics"
category = "main"
optional = false
python-versions = ">=3.7.1"

[package.dependencies]
numpy = [
    {version = ">=1.17.3", markers = "platform_machine != \"aarch64\" and platform_machine != \"arm64\" and python_version < \"3.10\""},
    {version = ">=1.19.2", markers = "platform_machine == \"aarch64\" and python_version < \"3.10\""},
    {version = ">=1.20.0", markers = "platform_machine == \"arm64\" and python_version < \"3.10\""},
    {version = ">=1.21.0", markers = "python_version >= \"3.10\""},
]
python-dateutil = ">=2.7.3"
pytz = ">=2017.3"

[package.extras]
test = ["hypothesis (>=3.58)", "pytest (>=6.0)", "pytest-xdist"]

[[package]]
name = "pyreadline"
version = "2.1"
description = "A python implmementation of GNU readline."
category = "main"
optional = false
python-versions = "*"

[[package]]
name = "pyreadline3"
version = "3.4.1"
description = "A python implementation of GNU readline."
category = "main"
optional = false
python-versions = "*"

[[package]]
name = "pyrsistent"
version = "0.18.1"
description = "Persistent/Functional/Immutable data structures"
category = "main"
optional = false
python-versions = ">=3.7"

[[package]]
name = "python-dateutil"
version = "2.8.2"
description = "Extensions to the standard Python datetime module"
category = "main"
optional = false
python-versions = "!=3.0.*,!=3.1.*,!=3.2.*,>=2.7"

[package.dependencies]
six = ">=1.5"

[[package]]
name = "pytz"
version = "2021.3"
description = "World timezone definitions, modern and historical"
category = "main"
optional = false
python-versions = "*"

[[package]]
name = "requests"
version = "2.27.1"
description = "Python HTTP for Humans."
category = "main"
optional = false
python-versions = ">=2.7, !=3.0.*, !=3.1.*, !=3.2.*, !=3.3.*, !=3.4.*, !=3.5.*"

[package.dependencies]
certifi = ">=2017.4.17"
charset-normalizer = {version = ">=2.0.0,<2.1.0", markers = "python_version >= \"3\""}
idna = {version = ">=2.5,<4", markers = "python_version >= \"3\""}
urllib3 = ">=1.21.1,<1.27"

[package.extras]
socks = ["PySocks (>=1.5.6,!=1.5.7)", "win-inet-pton"]
use_chardet_on_py3 = ["chardet (>=3.0.2,<5)"]

[[package]]
name = "retrieve-external"
version = "0.0.1"
description = "Retrieve files for bdrmapIT."
category = "main"
optional = false
python-versions = ">3.6"
develop = true

[package.dependencies]
beautifulsoup4 = "*"
humanfriendly = "*"
python-dateutil = "*"
requests = "*"

[package.source]
type = "directory"
url = "extern/retrieve_external"

[[package]]
name = "six"
version = "1.16.0"
description = "Python 2 and 3 compatibility utilities"
category = "main"
optional = false
python-versions = ">=2.7, !=3.0.*, !=3.1.*, !=3.2.*"

[[package]]
name = "soupsieve"
version = "2.3.1"
description = "A modern CSS selector implementation for Beautiful Soup."
category = "main"
optional = false
python-versions = ">=3.6"

[[package]]
name = "traceutils"
version = "6.16.7"
description = "Various packages for traceroute and BGP dump analysis."
category = "main"
optional = false
python-versions = ">3.6"
develop = true

[package.dependencies]
cython = "*"
orjson = "*"
ujson = "*"

[package.source]
type = "directory"
url = "extern/traceutils"

[[package]]
name = "typing-extensions"
version = "4.1.1"
description = "Backported and Experimental Type Hints for Python 3.6+"
category = "main"
optional = false
python-versions = ">=3.6"

[[package]]
name = "ujson"
version = "5.1.0"
description = "Ultra fast JSON encoder and decoder for Python"
category = "main"
optional = false
python-versions = ">=3.7"

[[package]]
name = "urllib3"
version = "1.26.8"
description = "HTTP library with thread-safe connection pooling, file post, and more."
category = "main"
optional = false
python-versions = ">=2.7, !=3.0.*, !=3.1.*, !=3.2.*, !=3.3.*, !=3.4.*, <4"

[package.extras]
brotli = ["brotlipy (>=0.6.0)"]
secure = ["pyOpenSSL (>=0.14)", "cryptography (>=1.3.4)", "idna (>=2.0.0)", "certifi", "ipaddress"]
socks = ["PySocks (>=1.5.6,!=1.5.7,<2.0)"]

[[package]]
name = "zipp"
version = "3.7.0"
description = "Backport of pathlib-compatible object wrapper for zip files"
category = "main"
optional = false
python-versions = ">=3.7"

[package.extras]
docs = ["sphinx", "jaraco.packaging (>=8.2)", "rst.linker (>=1.9)"]
testing = ["pytest (>=6)", "pytest-checkdocs (>=2.4)", "pytest-flake8", "pytest-cov", "pytest-enabler (>=1.0.1)", "jaraco.itertools", "func-timeout", "pytest-black (>=0.3.7)", "pytest-mypy"]

[metadata]
lock-version = "1.1"
python-versions = ">=3.7.1,<4"
content-hash = "f6ff9283ce838c685f708c03ef5b4283532237ed95636e2b65989cd9330f88be"

[metadata.files]
attrs = [
    {file = "attrs-21.4.0-py2.py3-none-any.whl", hash = "sha256:2d27e3784d7a565d36ab851fe94887c5eccd6a463168875832a1be79c82828b4"},
    {file = "attrs-21.4.0.tar.gz", hash = "sha256:626ba8234211db98e869df76230a137c4c40a12d72445c45d5f5b716f076e2fd"},
]
bdrmapit = []
beautifulsoup4 = [
    {file = "beautifulsoup4-4.10.0-py3-none-any.whl", hash = "sha256:9a315ce70049920ea4572a4055bc4bd700c940521d36fc858205ad4fcde149bf"},
    {file = "beautifulsoup4-4.10.0.tar.gz", hash = "sha256:c23ad23c521d818955a4151a67d81580319d4bf548d3d49f4223ae041ff98891"},
]
certifi = [
    {file = "certifi-2021.10.8-py2.py3-none-any.whl", hash = "sha256:d62a0163eb4c2344ac042ab2bdf75399a71a2d8c7d47eac2e2ee91b9d6339569"},
    {file = "certifi-2021.10.8.tar.gz", hash = "sha256:78884e7c1d4b00ce3cea67b44566851c4343c120abd683433ce934a68ea58872"},
]
charset-normalizer = [
    {file = "charset-normalizer-2.0.12.tar.gz", hash = "sha256:2857e29ff0d34db842cd7ca3230549d1a697f96ee6d3fb071cfa6c7393832597"},
    {file = "charset_normalizer-2.0.12-py3-none-any.whl", hash = "sha256:6881edbebdb17b39b4eaaa821b438bf6eddffb4468cf344f09f89def34a8b1df"},
]
cython = [
    {file = "Cython-0.29.28-cp27-cp27m-manylinux_2_5_i686.manylinux1_i686.whl", hash = "sha256:75686c586e37b1fed0fe4a2c053474f96fc07da0063bbfc98023454540515d31"},
    {file = "Cython-0.29.28-cp27-cp27m-manylinux_2_5_x86_64.manylinux1_x86_64.whl", hash = "sha256:16f2e74fcac223c53e298ecead62c353d3cffa107bea5d8232e4b2ba40781634"},
    {file = "Cython-0.29.28-cp27-cp27mu-manylinux_2_5_i686.manylinux1_i686.whl", hash = "sha256:b6c77cc24861a33714e74212abfab4e54bf42e1ad602623f193b8e369389af2f"},
    {file = "Cython-0.29.28-cp27-cp27mu-manylinux_2_5_x86_64.manylinux1_x86_64.whl", hash = "sha256:59f4e86b415620a097cf0ec602adf5a7ee3cc33e8220567ded96566f753483f8"},
    {file = "Cython-0.29.28-cp310-cp310-manylinux_2_17_aarch64.manylinux2014_aarch64.manylinux_2_24_aarch64.whl", hash = "sha256:31465dce7fd3f058d02afb98b13af962848cc607052388814428dc801cc26f57"},
    {file = "Cython-0.29.28-cp310-cp310-manylinux_2_17_x86_64.manylinux2014_x86_64.manylinux_2_24_x86_64.whl", hash = "sha256:5658fa477e80d96c49d5ff011938dd4b62da9aa428f771b91f1a7c49af45aad8"},
    {file = "Cython-0.29.28-cp310-cp310-manylinux_2_5_i686.manylinux1_i686.manylinux_2_24_i686.whl", hash = "sha256:33b69ac9bbf2b93d8cae336cfe48889397a857e6ceeb5cef0b2f0b31b6c54f2b"},
    {file = "Cython-0.29.28-cp310-cp310-musllinux_1_1_x86_64.whl", hash = "sha256:9d39ee7ddef6856413f950b8959e852d83376d9db1c509505e3f4873df32aa70"},
    {file = "Cython-0.29.28-cp35-cp35m-manylinux_2_5_i686.manylinux1_i686.whl", hash = "sha256:c9848a423a14e8f51bd4bbf8e2ff37031764ce66bdc7c6bc06c70d4084eb23c7"},
    {file = "Cython-0.29.28-cp35-cp35m-manylinux_2_5_x86_64.manylinux1_x86_64.whl", hash = "sha256:09448aadb818387160ca4d1e1b82dbb7001526b6d0bed7529c4e8ac12e3b6f4c"},
    {file = "Cython-0.29.28-cp36-cp36m-manylinux_2_17_aarch64.manylinux2014_aarch64.manylinux_2_24_aarch64.whl", hash = "sha256:341917bdb2c95bcf8322aacfe50bbe6b4794880b16fa8b2300330520e123a5e5"},
    {file = "Cython-0.29.28-cp36-cp36m-manylinux_2_17_x86_64.manylinux2014_x86_64.manylinux_2_24_x86_64.whl", hash = "sha256:fdcef7abb09fd827691e3abe6fd42c6c34beaccfa0bc2df6074f0a49949df6a8"},
    {file = "Cython-0.29.28-cp36-cp36m-manylinux_2_5_i686.manylinux1_i686.manylinux_2_24_i686.whl", hash = "sha256:43eca77169f855dd04be11921a585c8854a174f30bc925257e92bc7b9197fbd2"},
    {file = "Cython-0.29.28-cp36-cp36m-manylinux_2_5_i686.manylinux1_i686.whl", hash = "sha256:7962a78ceb80cdec21345fb5088e675060fa65982030d446069f2d675d30e3cd"},
    {file = "Cython-0.29.28-cp36-cp36m-manylinux_2_5_x86_64.manylinux1_x86_64.whl", hash = "sha256:ed32c206e1d68056a34b21d2ec0cf0f23d338d6531476a68c73e21e20bd7bb63"},
    {file = "Cython-0.29.28-cp36-cp36m-musllinux_1_1_x86_64.whl", hash = "sha256:a0ed39c63ba52edd03a39ea9d6da6f5326aaee5d333c317feba543270a1b3af5"},
    {file = "Cython-0.29.28-cp37-cp37m-manylinux_2_17_aarch64.manylinux2014_aarch64.manylinux_2_24_aarch64.whl", hash = "sha256:ded4fd3da4dee2f4414c35214244e29befa7f6fede3e9be317e765169df2cbc7"},
    {file = "Cython-0.29.28-cp37-cp37m-manylinux_2_17_x86_64.manylinux2014_x86_64.manylinux_2_24_x86_64.whl", hash = "sha256:e24bd94946ffa37f30fcb865f2340fb6d429a3c7bf87b47b22f7d22e0e68a15c"},
    {file = "Cython-0.29.28-cp37-cp37m-manylinux_2_5_i686.manylinux1_i686.manylinux_2_24_i686.whl", hash = "sha256:076aa8da83383e2bed0ca5f92c13a7e76e684bc41fe8e438bbed735f5b1c2731"},
    {file = "Cython-0.29.28-cp37-cp37m-manylinux_2_5_i686.manylinux1_i686.whl", hash = "sha256:004387d8b94c64681ee05660d6a234e125396097726cf2f419c0fa2ac38034d6"},
    {file = "Cython-0.29.28-cp37-cp37m-manylinux_2_5_x86_64.manylinux1_x86_64.whl", hash = "sha256:d6036f6a5a0c7fb1af88889872268b15bf20dd9cefe33a6602d79ba18b8db20f"},
    {file = "Cython-0.29.28-cp37-cp37m-musllinux_1_1_x86_64.whl", hash = "sha256:1612d7439590ba3b8de5f907bf0e54bd8e024eafb8c59261531a7988030c182d"},
    {file = "Cython-0.29.28-cp38-cp38-manylinux_2_17_aarch64.manylinux2014_aarch64.manylinux_2_24_aarch64.whl", hash = "sha256:d7d7beb600d5dd551e9322e1393b74286f4a3d4aa387f7bfbaccc1495a98603b"},
    {file = "Cython-0.29.28-cp38-cp38-manylinux_2_17_x86_64.manylinux2014_x86_64.manylinux_2_24_x86_64.whl", hash = "sha256:5e82f6b3dc2133b2e0e2c5c63d352d40a695e40cc7ed99f4cbe83334bcf9ab39"},
    {file = "Cython-0.29.28-cp38-cp38-manylinux_2_5_i686.manylinux1_i686.manylinux_2_24_i686.whl", hash = "sha256:49076747b731ed78acf203666c3b3c5d664754ea01ca4527f62f6d8675703688"},
    {file = "Cython-0.29.28-cp38-cp38-manylinux_2_5_i686.manylinux1_i686.whl", hash = "sha256:9f2b7c86a73db0d8dbbd885fe67f04c7b787df37a3848b9867270d3484101fbd"},
    {file = "Cython-0.29.28-cp38-cp38-manylinux_2_5_x86_64.manylinux1_x86_64.whl", hash = "sha256:a3b27812ac9e9737026bfbb1dd47434f3e84013f430bafe1c6cbaf1cd51b5518"},
    {file = "Cython-0.29.28-cp38-cp38-musllinux_1_1_x86_64.whl", hash = "sha256:0378a14d2580dcea234d7a2dc8d75f60c091105885096e6dd5b032be97542c16"},
    {file = "Cython-0.29.28-cp39-cp39-manylinux_2_17_aarch64.manylinux2014_aarch64.manylinux_2_24_aarch64.whl", hash = "sha256:d7c98727397c2547a56aa0c3c98140f1873c69a0642edc9446c6c870d0d8a5b5"},
    {file = "Cython-0.29.28-cp39-cp39-manylinux_2_17_x86_64.manylinux2014_x86_64.manylinux_2_24_x86_64.whl", hash = "sha256:6626f9691ce2093ccbcc9932f449efe3b6e1c893b556910881d177c61612e8ff"},
    {file = "Cython-0.29.28-cp39-cp39-manylinux_2_5_i686.manylinux1_i686.manylinux_2_24_i686.whl", hash = "sha256:e9cc6af0c9c477c5e175e807dce439509934efefc24ea2da9fced7fbc8170591"},
    {file = "Cython-0.29.28-cp39-cp39-manylinux_2_5_i686.manylinux1_i686.whl", hash = "sha256:05edfa51c0ff31a8df3cb291b90ca93ab499686d023b9b81c216cd3509f73def"},
    {file = "Cython-0.29.28-cp39-cp39-manylinux_2_5_x86_64.manylinux1_x86_64.whl", hash = "sha256:4b3089255b6b1cc69e4b854626a41193e6acae5332263d24707976b3cb8ca644"},
    {file = "Cython-0.29.28-cp39-cp39-musllinux_1_1_x86_64.whl", hash = "sha256:03b749e4f0bbf631cee472add2806d338a7d496f8383f6fb28cc5fdc34b7fdb8"},
    {file = "Cython-0.29.28-py2.py3-none-any.whl", hash = "sha256:26d8d0ededca42be50e0ac377c08408e18802b1391caa3aea045a72c1bff47ac"},
    {file = "Cython-0.29.28.tar.gz", hash = "sha256:d6fac2342802c30e51426828fe084ff4deb1b3387367cf98976bb2e64b6f8e45"},
]
humanfriendly = [
    {file = "humanfriendly-10.0-py2.py3-none-any.whl", hash = "sha256:1697e1a8a8f550fd43c2865cd84542fc175a61dcb779b6fee18cf6b6ccba1477"},
    {file = "humanfriendly-10.0.tar.gz", hash = "sha256:6b0b831ce8f15f7300721aa49829fc4e83921a9a301cc7f606be6686a2288ddc"},
]
idna = [
    {file = "idna-3.3-py3-none-any.whl", hash = "sha256:84d9dd047ffa80596e0f246e2eab0b391788b0503584e8945f2368256d2735ff"},
    {file = "idna-3.3.tar.gz", hash = "sha256:9d643ff0a55b762d5cdb124b8eaa99c66322e2157b69160bc32796e824360e6d"},
]
importlib-metadata = [
    {file = "importlib_metadata-4.11.1-py3-none-any.whl", hash = "sha256:e0bc84ff355328a4adfc5240c4f211e0ab386f80aa640d1b11f0618a1d282094"},
    {file = "importlib_metadata-4.11.1.tar.gz", hash = "sha256:175f4ee440a0317f6e8d81b7f8d4869f93316170a65ad2b007d2929186c8052c"},
]
importlib-resources = [
    {file = "importlib_resources-5.4.0-py3-none-any.whl", hash = "sha256:33a95faed5fc19b4bc16b29a6eeae248a3fe69dd55d4d229d2b480e23eeaad45"},
    {file = "importlib_resources-5.4.0.tar.gz", hash = "sha256:d756e2f85dd4de2ba89be0b21dba2a3bbec2e871a42a3a16719258a11f87506b"},
]
ip2as = []
jsonschema = [
    {file = "jsonschema-4.4.0-py3-none-any.whl", hash = "sha256:77281a1f71684953ee8b3d488371b162419767973789272434bbc3f29d9c8823"},
    {file = "jsonschema-4.4.0.tar.gz", hash = "sha256:636694eb41b3535ed608fe04129f26542b59ed99808b4f688aa32dcf55317a83"},
]
numpy = [
    {file = "numpy-1.21.5-cp310-cp310-macosx_10_9_universal2.whl", hash = "sha256:301e408a052fdcda5cdcf03021ebafc3c6ea093021bf9d1aa47c54d48bdad166"},
    {file = "numpy-1.21.5-cp310-cp310-macosx_10_9_x86_64.whl", hash = "sha256:a7e8f6216f180f3fd4efb73de5d1eaefb5f5a1ee5b645c67333033e39440e63a"},
    {file = "numpy-1.21.5-cp310-cp310-macosx_11_0_arm64.whl", hash = "sha256:fc7a7d7b0ed72589fd8b8486b9b42a564f10b8762be8bd4d9df94b807af4a089"},
    {file = "numpy-1.21.5-cp310-cp310-manylinux_2_17_aarch64.manylinux2014_aarch64.whl", hash = "sha256:58ca1d7c8aef6e996112d0ce873ac9dfa1eaf4a1196b4ff7ff73880a09923ba7"},
    {file = "numpy-1.21.5-cp310-cp310-manylinux_2_17_x86_64.manylinux2014_x86_64.whl", hash = "sha256:dc4b2fb01f1b4ddbe2453468ea0719f4dbb1f5caa712c8b21bb3dd1480cd30d9"},
    {file = "numpy-1.21.5-cp310-cp310-win_amd64.whl", hash = "sha256:cc1b30205d138d1005adb52087ff45708febbef0e420386f58664f984ef56954"},
    {file = "numpy-1.21.5-cp37-cp37m-macosx_10_9_x86_64.whl", hash = "sha256:08de8472d9f7571f9d51b27b75e827f5296295fa78817032e84464be8bb905bc"},
    {file = "numpy-1.21.5-cp37-cp37m-manylinux_2_12_i686.manylinux2010_i686.whl", hash = "sha256:4fe6a006557b87b352c04596a6e3f12a57d6e5f401d804947bd3188e6b0e0e76"},
    {file = "numpy-1.21.5-cp37-cp37m-manylinux_2_12_x86_64.manylinux2010_x86_64.whl", hash = "sha256:3d893b0871322eaa2f8c7072cdb552d8e2b27645b7875a70833c31e9274d4611"},
    {file = "numpy-1.21.5-cp37-cp37m-manylinux_2_17_aarch64.manylinux2014_aarch64.whl", hash = "sha256:341dddcfe3b7b6427a28a27baa59af5ad51baa59bfec3264f1ab287aa3b30b13"},
    {file = "numpy-1.21.5-cp37-cp37m-win32.whl", hash = "sha256:ca9c23848292c6fe0a19d212790e62f398fd9609aaa838859be8459bfbe558aa"},
    {file = "numpy-1.21.5-cp37-cp37m-win_amd64.whl", hash = "sha256:025b497014bc33fc23897859350f284323f32a2fff7654697f5a5fc2a19e9939"},
    {file = "numpy-1.21.5-cp38-cp38-macosx_10_9_universal2.whl", hash = "sha256:3a5098df115340fb17fc93867317a947e1dcd978c3888c5ddb118366095851f8"},
    {file = "numpy-1.21.5-cp38-cp38-macosx_10_9_x86_64.whl", hash = "sha256:311283acf880cfcc20369201bd75da907909afc4666966c7895cbed6f9d2c640"},
    {file = "numpy-1.21.5-cp38-cp38-macosx_11_0_arm64.whl", hash = "sha256:b545ebadaa2b878c8630e5bcdb97fc4096e779f335fc0f943547c1c91540c815"},
    {file = "numpy-1.21.5-cp38-cp38-manylinux_2_12_i686.manylinux2010_i686.whl", hash = "sha256:c5562bcc1a9b61960fc8950ade44d00e3de28f891af0acc96307c73613d18f6e"},
    {file = "numpy-1.21.5-cp38-cp38-manylinux_2_12_x86_64.manylinux2010_x86_64.whl", hash = "sha256:eed2afaa97ec33b4411995be12f8bdb95c87984eaa28d76cf628970c8a2d689a"},
    {file = "numpy-1.21.5-cp38-cp38-manylinux_2_17_aarch64.manylinux2014_aarch64.whl", hash = "sha256:61bada43d494515d5b122f4532af226fdb5ee08fe5b5918b111279843dc6836a"},
    {file = "numpy-1.21.5-cp38-cp38-win32.whl", hash = "sha256:7b9d6b14fc9a4864b08d1ba57d732b248f0e482c7b2ff55c313137e3ed4d8449"},
    {file = "numpy-1.21.5-cp38-cp38-win_amd64.whl", hash = "sha256:dbce7adeb66b895c6aaa1fad796aaefc299ced597f6fbd9ceddb0dd735245354"},
    {file = "numpy-1.21.5-cp39-cp39-macosx_10_9_universal2.whl", hash = "sha256:507c05c7a37b3683eb08a3ff993bd1ee1e6c752f77c2f275260533b265ecdb6c"},
    {file = "numpy-1.21.5-cp39-cp39-macosx_10_9_x86_64.whl", hash = "sha256:00c9fa73a6989895b8815d98300a20ac993c49ac36c8277e8ffeaa3631c0dbbb"},
    {file = "numpy-1.21.5-cp39-cp39-macosx_11_0_arm64.whl", hash = "sha256:69a5a8d71c308d7ef33ef72371c2388a90e3495dbb7993430e674006f94797d5"},
    {file = "numpy-1.21.5-cp39-cp39-manylinux_2_12_i686.manylinux2010_i686.whl", hash = "sha256:2d8adfca843bc46ac199a4645233f13abf2011a0b2f4affc5c37cd552626f27b"},
    {file = "numpy-1.21.5-cp39-cp39-manylinux_2_12_x86_64.manylinux2010_x86_64.whl", hash = "sha256:c293d3c0321996cd8ffe84215ffe5d269fd9d1d12c6f4ffe2b597a7c30d3e593"},
    {file = "numpy-1.21.5-cp39-cp39-manylinux_2_17_aarch64.manylinux2014_aarch64.whl", hash = "sha256:3c978544be9e04ed12016dd295a74283773149b48f507d69b36f91aa90a643e5"},
    {file = "numpy-1.21.5-cp39-cp39-win32.whl", hash = "sha256:2a9add27d7fc0fdb572abc3b2486eb3b1395da71e0254c5552b2aad2a18b5441"},
    {file = "numpy-1.21.5-cp39-cp39-win_amd64.whl", hash = "sha256:1964db2d4a00348b7a60ee9d013c8cb0c566644a589eaa80995126eac3b99ced"},
    {file = "numpy-1.21.5-pp37-pypy37_pp73-manylinux_2_12_x86_64.manylinux2010_x86_64.whl", hash = "sha256:a7c4b701ca418cd39e28ec3b496e6388fe06de83f5f0cb74794fa31cfa384c02"},
    {file = "numpy-1.21.5.zip", hash = "sha256:6a5928bc6241264dce5ed509e66f33676fc97f464e7a919edc672fb5532221ee"},
    {file = "numpy-1.22.2-cp310-cp310-macosx_10_14_x86_64.whl", hash = "sha256:515a8b6edbb904594685da6e176ac9fbea8f73a5ebae947281de6613e27f1956"},
    {file = "numpy-1.22.2-cp310-cp310-macosx_11_0_arm64.whl", hash = "sha256:76a4f9bce0278becc2da7da3b8ef854bed41a991f4226911a24a9711baad672c"},
    {file = "numpy-1.22.2-cp310-cp310-manylinux_2_17_aarch64.manylinux2014_aarch64.whl", hash = "sha256:168259b1b184aa83a514f307352c25c56af111c269ffc109d9704e81f72e764b"},
    {file = "numpy-1.22.2-cp310-cp310-manylinux_2_17_x86_64.manylinux2014_x86_64.whl", hash = "sha256:3556c5550de40027d3121ebbb170f61bbe19eb639c7ad0c7b482cd9b560cd23b"},
    {file = "numpy-1.22.2-cp310-cp310-win_amd64.whl", hash = "sha256:aafa46b5a39a27aca566198d3312fb3bde95ce9677085efd02c86f7ef6be4ec7"},
    {file = "numpy-1.22.2-cp38-cp38-macosx_10_14_x86_64.whl", hash = "sha256:55535c7c2f61e2b2fc817c5cbe1af7cb907c7f011e46ae0a52caa4be1f19afe2"},
    {file = "numpy-1.22.2-cp38-cp38-macosx_11_0_arm64.whl", hash = "sha256:60cb8e5933193a3cc2912ee29ca331e9c15b2da034f76159b7abc520b3d1233a"},
    {file = "numpy-1.22.2-cp38-cp38-manylinux_2_17_aarch64.manylinux2014_aarch64.whl", hash = "sha256:0b536b6840e84c1c6a410f3a5aa727821e6108f3454d81a5cd5900999ef04f89"},
    {file = "numpy-1.22.2-cp38-cp38-manylinux_2_17_x86_64.manylinux2014_x86_64.whl", hash = "sha256:2638389562bda1635b564490d76713695ff497242a83d9b684d27bb4a6cc9d7a"},
    {file = "numpy-1.22.2-cp38-cp38-win32.whl", hash = "sha256:6767ad399e9327bfdbaa40871be4254d1995f4a3ca3806127f10cec778bd9896"},
    {file = "numpy-1.22.2-cp38-cp38-win_amd64.whl", hash = "sha256:03ae5850619abb34a879d5f2d4bb4dcd025d6d8fb72f5e461dae84edccfe129f"},
    {file = "numpy-1.22.2-cp39-cp39-macosx_10_14_x86_64.whl", hash = "sha256:d76a26c5118c4d96e264acc9e3242d72e1a2b92e739807b3b69d8d47684b6677"},
    {file = "numpy-1.22.2-cp39-cp39-macosx_11_0_arm64.whl", hash = "sha256:15efb7b93806d438e3bc590ca8ef2f953b0ce4f86f337ef4559d31ec6cf9d7dd"},
    {file = "numpy-1.22.2-cp39-cp39-manylinux_2_17_aarch64.manylinux2014_aarch64.whl", hash = "sha256:badca914580eb46385e7f7e4e426fea6de0a37b9e06bec252e481ae7ec287082"},
    {file = "numpy-1.22.2-cp39-cp39-manylinux_2_17_x86_64.manylinux2014_x86_64.whl", hash = "sha256:94dd11d9f13ea1be17bac39c1942f527cbf7065f94953cf62dfe805653da2f8f"},
    {file = "numpy-1.22.2-cp39-cp39-win32.whl", hash = "sha256:8cf33634b60c9cef346663a222d9841d3bbbc0a2f00221d6bcfd0d993d5543f6"},
    {file = "numpy-1.22.2-cp39-cp39-win_amd64.whl", hash = "sha256:59153979d60f5bfe9e4c00e401e24dfe0469ef8da6d68247439d3278f30a180f"},
    {file = "numpy-1.22.2-pp38-pypy38_pp73-manylinux_2_17_x86_64.manylinux2014_x86_64.whl", hash = "sha256:4a176959b6e7e00b5a0d6f549a479f869829bfd8150282c590deee6d099bbb6e"},
    {file = "numpy-1.22.2.zip", hash = "sha256:076aee5a3763d41da6bef9565fdf3cb987606f567cd8b104aded2b38b7b47abf"},
]
orjson = [
    {file = "orjson-3.6.7-cp310-cp310-macosx_10_7_x86_64.whl", hash = "sha256:93188a9d6eb566419ad48befa202dfe7cd7a161756444b99c4ec77faea9352a4"},
    {file = "orjson-3.6.7-cp310-cp310-macosx_10_9_x86_64.macosx_11_0_arm64.macosx_10_9_universal2.whl", hash = "sha256:82515226ecb77689a029061552b5df1802b75d861780c401e96ca6bc8495f775"},
    {file = "orjson-3.6.7-cp310-cp310-manylinux_2_17_armv7l.manylinux2014_armv7l.whl", hash = "sha256:3af57ffab7848aaec6ba6b9e9b41331250b57bf696f9d502bacdc71a0ebab0ba"},
    {file = "orjson-3.6.7-cp310-cp310-manylinux_2_24_aarch64.whl", hash = "sha256:a7297504d1142e7efa236ffc53f056d73934a993a08646dbcee89fc4308a8fcf"},
    {file = "orjson-3.6.7-cp310-cp310-manylinux_2_24_x86_64.whl", hash = "sha256:5a50cde0dbbde255ce751fd1bca39d00ecd878ba0903c0480961b31984f2fab7"},
    {file = "orjson-3.6.7-cp310-cp310-musllinux_1_1_x86_64.whl", hash = "sha256:d21f9a2d1c30e58070f93988db4cad154b9009fafbde238b52c1c760e3607fbe"},
    {file = "orjson-3.6.7-cp310-none-win_amd64.whl", hash = "sha256:e152464c4606b49398afd911777decebcf9749cc8810c5b4199039e1afb0991e"},
    {file = "orjson-3.6.7-cp37-cp37m-macosx_10_7_x86_64.whl", hash = "sha256:0a65f3c403f38b0117c6dd8e76e85a7bd51fcd92f06c5598dfeddbc44697d3e5"},
    {file = "orjson-3.6.7-cp37-cp37m-macosx_10_9_x86_64.macosx_11_0_arm64.macosx_10_9_universal2.whl", hash = "sha256:6c47cfca18e41f7f37b08ff3e7abf5ada2d0f27b5ade934f05be5fc5bb956e9d"},
    {file = "orjson-3.6.7-cp37-cp37m-manylinux_2_17_armv7l.manylinux2014_armv7l.whl", hash = "sha256:63185af814c243fad7a72441e5f98120c9ecddf2675befa486d669fb65539e9b"},
    {file = "orjson-3.6.7-cp37-cp37m-manylinux_2_17_x86_64.manylinux2014_x86_64.whl", hash = "sha256:b2da6fde42182b80b40df2e6ab855c55090ebfa3fcc21c182b7ad1762b61d55c"},
    {file = "orjson-3.6.7-cp37-cp37m-manylinux_2_24_aarch64.whl", hash = "sha256:48c5831ec388b4e2682d4ff56d6bfa4a2ef76c963f5e75f4ff4785f9cf338a80"},
    {file = "orjson-3.6.7-cp37-cp37m-manylinux_2_24_x86_64.whl", hash = "sha256:913fac5d594ccabf5e8fbac15b9b3bb9c576d537d49eeec9f664e7a64dde4c4b"},
    {file = "orjson-3.6.7-cp37-cp37m-musllinux_1_1_x86_64.whl", hash = "sha256:58f244775f20476e5851e7546df109f75160a5178d44257d437ba6d7e562bfe8"},
    {file = "orjson-3.6.7-cp37-none-win_amd64.whl", hash = "sha256:2d5f45c6b85e5f14646df2d32ecd7ff20fcccc71c0ea1155f4d3df8c5299bbb7"},
    {file = "orjson-3.6.7-cp38-cp38-macosx_10_7_x86_64.whl", hash = "sha256:612d242493afeeb2068bc72ff2544aa3b1e627578fcf92edee9daebb5893ffea"},
    {file = "orjson-3.6.7-cp38-cp38-macosx_10_9_x86_64.macosx_11_0_arm64.macosx_10_9_universal2.whl", hash = "sha256:539cdc5067db38db27985e257772d073cd2eb9462d0a41bde96da4e4e60bd99b"},
    {file = "orjson-3.6.7-cp38-cp38-manylinux_2_17_armv7l.manylinux2014_armv7l.whl", hash = "sha256:6d103b721bbc4f5703f62b3882e638c0b65fcdd48622531c7ffd45047ef8e87c"},
    {file = "orjson-3.6.7-cp38-cp38-manylinux_2_17_x86_64.manylinux2014_x86_64.whl", hash = "sha256:cb10a20f80e95102dd35dfbc3a22531661b44a09b55236b012a446955846b023"},
    {file = "orjson-3.6.7-cp38-cp38-manylinux_2_24_aarch64.whl", hash = "sha256:bb68d0da349cf8a68971a48ad179434f75256159fe8b0715275d9b49fa23b7a3"},
    {file = "orjson-3.6.7-cp38-cp38-manylinux_2_24_x86_64.whl", hash = "sha256:4a2c7d0a236aaeab7f69c17b7ab4c078874e817da1bfbb9827cb8c73058b3050"},
    {file = "orjson-3.6.7-cp38-cp38-musllinux_1_1_x86_64.whl", hash = "sha256:3be045ca3b96119f592904cf34b962969ce97bd7843cbfca084009f6c8d2f268"},
    {file = "orjson-3.6.7-cp38-none-win_amd64.whl", hash = "sha256:bd765c06c359d8a814b90f948538f957fa8a1f55ad1aaffcdc5771996aaea061"},
    {file = "orjson-3.6.7-cp39-cp39-macosx_10_7_x86_64.whl", hash = "sha256:7dd9e1e46c0776eee9e0649e3ae9584ea368d96851bcaeba18e217fa5d755283"},
    {file = "orjson-3.6.7-cp39-cp39-macosx_10_9_x86_64.macosx_11_0_arm64.macosx_10_9_universal2.whl", hash = "sha256:c4b4f20a1e3df7e7c83717aff0ef4ab69e42ce2fb1f5234682f618153c458406"},
    {file = "orjson-3.6.7-cp39-cp39-manylinux_2_17_armv7l.manylinux2014_armv7l.whl", hash = "sha256:7107a5673fd0b05adbb58bf71c1578fc84d662d29c096eb6d998982c8635c221"},
    {file = "orjson-3.6.7-cp39-cp39-manylinux_2_17_x86_64.manylinux2014_x86_64.whl", hash = "sha256:a08b6940dd9a98ccf09785890112a0f81eadb4f35b51b9a80736d1725437e22c"},
    {file = "orjson-3.6.7-cp39-cp39-manylinux_2_24_aarch64.whl", hash = "sha256:f5d1648e5a9d1070f3628a69a7c6c17634dbb0caf22f2085eca6910f7427bf1f"},
    {file = "orjson-3.6.7-cp39-cp39-manylinux_2_24_x86_64.whl", hash = "sha256:e6201494e8dff2ce7fd21da4e3f6dfca1a3fed38f9dcefc972f552f6596a7621"},
    {file = "orjson-3.6.7-cp39-cp39-musllinux_1_1_x86_64.whl", hash = "sha256:70d0386abe02879ebaead2f9632dd2acb71000b4721fd8c1a2fb8c031a38d4d5"},
    {file = "orjson-3.6.7-cp39-none-win_amd64.whl", hash = "sha256:d9a3288861bfd26f3511fb4081561ca768674612bac59513cb9081bb61fcc87f"},
    {file = "orjson-3.6.7.tar.gz", hash = "sha256:a4bb62b11289b7620eead2f25695212e9ac77fcfba76f050fa8a540fb5c32401"},
]
pandas = [
    {file = "pandas-1.3.5-cp310-cp310-macosx_10_9_universal2.whl", hash = "sha256:62d5b5ce965bae78f12c1c0df0d387899dd4211ec0bdc52822373f13a3a022b9"},
    {file = "pandas-1.3.5-cp310-cp310-macosx_10_9_x86_64.whl", hash = "sha256:adfeb11be2d54f275142c8ba9bf67acee771b7186a5745249c7d5a06c670136b"},
    {file = "pandas-1.3.5-cp310-cp310-macosx_11_0_arm64.whl", hash = "sha256:60a8c055d58873ad81cae290d974d13dd479b82cbb975c3e1fa2cf1920715296"},
    {file = "pandas-1.3.5-cp310-cp310-manylinux_2_17_aarch64.manylinux2014_aarch64.whl", hash = "sha256:fd541ab09e1f80a2a1760032d665f6e032d8e44055d602d65eeea6e6e85498cb"},
    {file = "pandas-1.3.5-cp310-cp310-manylinux_2_17_x86_64.manylinux2014_x86_64.whl", hash = "sha256:2651d75b9a167cc8cc572cf787ab512d16e316ae00ba81874b560586fa1325e0"},
    {file = "pandas-1.3.5-cp310-cp310-win_amd64.whl", hash = "sha256:aaf183a615ad790801fa3cf2fa450e5b6d23a54684fe386f7e3208f8b9bfbef6"},
    {file = "pandas-1.3.5-cp37-cp37m-macosx_10_9_x86_64.whl", hash = "sha256:344295811e67f8200de2390093aeb3c8309f5648951b684d8db7eee7d1c81fb7"},
    {file = "pandas-1.3.5-cp37-cp37m-manylinux_2_17_aarch64.manylinux2014_aarch64.whl", hash = "sha256:552020bf83b7f9033b57cbae65589c01e7ef1544416122da0c79140c93288f56"},
    {file = "pandas-1.3.5-cp37-cp37m-manylinux_2_17_x86_64.manylinux2014_x86_64.whl", hash = "sha256:5cce0c6bbeb266b0e39e35176ee615ce3585233092f685b6a82362523e59e5b4"},
    {file = "pandas-1.3.5-cp37-cp37m-manylinux_2_5_i686.manylinux1_i686.manylinux_2_17_i686.manylinux2014_i686.whl", hash = "sha256:7d28a3c65463fd0d0ba8bbb7696b23073efee0510783340a44b08f5e96ffce0c"},
    {file = "pandas-1.3.5-cp37-cp37m-win32.whl", hash = "sha256:a62949c626dd0ef7de11de34b44c6475db76995c2064e2d99c6498c3dba7fe58"},
    {file = "pandas-1.3.5-cp37-cp37m-win_amd64.whl", hash = "sha256:8025750767e138320b15ca16d70d5cdc1886e8f9cc56652d89735c016cd8aea6"},
    {file = "pandas-1.3.5-cp38-cp38-macosx_10_9_x86_64.whl", hash = "sha256:fe95bae4e2d579812865db2212bb733144e34d0c6785c0685329e5b60fcb85dd"},
    {file = "pandas-1.3.5-cp38-cp38-manylinux_2_17_aarch64.manylinux2014_aarch64.whl", hash = "sha256:5f261553a1e9c65b7a310302b9dbac31cf0049a51695c14ebe04e4bfd4a96f02"},
    {file = "pandas-1.3.5-cp38-cp38-manylinux_2_17_x86_64.manylinux2014_x86_64.whl", hash = "sha256:8b6dbec5f3e6d5dc80dcfee250e0a2a652b3f28663492f7dab9a24416a48ac39"},
    {file = "pandas-1.3.5-cp38-cp38-manylinux_2_5_i686.manylinux1_i686.manylinux_2_17_i686.manylinux2014_i686.whl", hash = "sha256:d3bc49af96cd6285030a64779de5b3688633a07eb75c124b0747134a63f4c05f"},
    {file = "pandas-1.3.5-cp38-cp38-win32.whl", hash = "sha256:b6b87b2fb39e6383ca28e2829cddef1d9fc9e27e55ad91ca9c435572cdba51bf"},
    {file = "pandas-1.3.5-cp38-cp38-win_amd64.whl", hash = "sha256:a395692046fd8ce1edb4c6295c35184ae0c2bbe787ecbe384251da609e27edcb"},
    {file = "pandas-1.3.5-cp39-cp39-macosx_10_9_x86_64.whl", hash = "sha256:bd971a3f08b745a75a86c00b97f3007c2ea175951286cdda6abe543e687e5f2f"},
    {file = "pandas-1.3.5-cp39-cp39-manylinux_2_17_aarch64.manylinux2014_aarch64.whl", hash = "sha256:37f06b59e5bc05711a518aa10beaec10942188dccb48918bb5ae602ccbc9f1a0"},
    {file = "pandas-1.3.5-cp39-cp39-manylinux_2_17_x86_64.manylinux2014_x86_64.whl", hash = "sha256:2c21778a688d3712d35710501f8001cdbf96eb70a7c587a3d5613573299fdca6"},
    {file = "pandas-1.3.5-cp39-cp39-manylinux_2_5_i686.manylinux1_i686.manylinux_2_17_i686.manylinux2014_i686.whl", hash = "sha256:3345343206546545bc26a05b4602b6a24385b5ec7c75cb6059599e3d56831da2"},
    {file = "pandas-1.3.5-cp39-cp39-win32.whl", hash = "sha256:c69406a2808ba6cf580c2255bcf260b3f214d2664a3a4197d0e640f573b46fd3"},
    {file = "pandas-1.3.5-cp39-cp39-win_amd64.whl", hash = "sha256:32e1a26d5ade11b547721a72f9bfc4bd113396947606e00d5b4a5b79b3dcb006"},
    {file = "pandas-1.3.5.tar.gz", hash = "sha256:1e4285f5de1012de20ca46b188ccf33521bff61ba5c5ebd78b4fb28e5416a9f1"},
]
pyreadline = [
    {file = "pyreadline-2.1.win-amd64.exe", hash = "sha256:9ce5fa65b8992dfa373bddc5b6e0864ead8f291c94fbfec05fbd5c836162e67b"},
    {file = "pyreadline-2.1.win32.exe", hash = "sha256:65540c21bfe14405a3a77e4c085ecfce88724743a4ead47c66b84defcf82c32e"},
    {file = "pyreadline-2.1.zip", hash = "sha256:4530592fc2e85b25b1a9f79664433da09237c1a270e4d78ea5aa3a2c7229e2d1"},
]
pyreadline3 = [
    {file = "pyreadline3-3.4.1-py3-none-any.whl", hash = "sha256:b0efb6516fd4fb07b45949053826a62fa4cb353db5be2bbb4a7aa1fdd1e345fb"},
    {file = "pyreadline3-3.4.1.tar.gz", hash = "sha256:6f3d1f7b8a31ba32b73917cefc1f28cc660562f39aea8646d30bd6eff21f7bae"},
]
pyrsistent = [
    {file = "pyrsistent-0.18.1-cp310-cp310-macosx_10_9_universal2.whl", hash = "sha256:df46c854f490f81210870e509818b729db4488e1f30f2a1ce1698b2295a878d1"},
    {file = "pyrsistent-0.18.1-cp310-cp310-manylinux_2_17_x86_64.manylinux2014_x86_64.whl", hash = "sha256:5d45866ececf4a5fff8742c25722da6d4c9e180daa7b405dc0a2a2790d668c26"},
    {file = "pyrsistent-0.18.1-cp310-cp310-manylinux_2_5_i686.manylinux1_i686.manylinux_2_17_i686.manylinux2014_i686.whl", hash = "sha256:4ed6784ceac462a7d6fcb7e9b663e93b9a6fb373b7f43594f9ff68875788e01e"},
    {file = "pyrsistent-0.18.1-cp310-cp310-win32.whl", hash = "sha256:e4f3149fd5eb9b285d6bfb54d2e5173f6a116fe19172686797c056672689daf6"},
    {file = "pyrsistent-0.18.1-cp310-cp310-win_amd64.whl", hash = "sha256:636ce2dc235046ccd3d8c56a7ad54e99d5c1cd0ef07d9ae847306c91d11b5fec"},
    {file = "pyrsistent-0.18.1-cp37-cp37m-macosx_10_9_x86_64.whl", hash = "sha256:e92a52c166426efbe0d1ec1332ee9119b6d32fc1f0bbfd55d5c1088070e7fc1b"},
    {file = "pyrsistent-0.18.1-cp37-cp37m-manylinux_2_17_x86_64.manylinux2014_x86_64.whl", hash = "sha256:d7a096646eab884bf8bed965bad63ea327e0d0c38989fc83c5ea7b8a87037bfc"},
    {file = "pyrsistent-0.18.1-cp37-cp37m-manylinux_2_5_i686.manylinux1_i686.manylinux_2_17_i686.manylinux2014_i686.whl", hash = "sha256:cdfd2c361b8a8e5d9499b9082b501c452ade8bbf42aef97ea04854f4a3f43b22"},
    {file = "pyrsistent-0.18.1-cp37-cp37m-win32.whl", hash = "sha256:7ec335fc998faa4febe75cc5268a9eac0478b3f681602c1f27befaf2a1abe1d8"},
    {file = "pyrsistent-0.18.1-cp37-cp37m-win_amd64.whl", hash = "sha256:6455fc599df93d1f60e1c5c4fe471499f08d190d57eca040c0ea182301321286"},
    {file = "pyrsistent-0.18.1-cp38-cp38-macosx_10_9_universal2.whl", hash = "sha256:fd8da6d0124efa2f67d86fa70c851022f87c98e205f0594e1fae044e7119a5a6"},
    {file = "pyrsistent-0.18.1-cp38-cp38-manylinux_2_17_x86_64.manylinux2014_x86_64.whl", hash = "sha256:7bfe2388663fd18bd8ce7db2c91c7400bf3e1a9e8bd7d63bf7e77d39051b85ec"},
    {file = "pyrsistent-0.18.1-cp38-cp38-manylinux_2_5_i686.manylinux1_i686.manylinux_2_17_i686.manylinux2014_i686.whl", hash = "sha256:0e3e1fcc45199df76053026a51cc59ab2ea3fc7c094c6627e93b7b44cdae2c8c"},
    {file = "pyrsistent-0.18.1-cp38-cp38-win32.whl", hash = "sha256:b568f35ad53a7b07ed9b1b2bae09eb15cdd671a5ba5d2c66caee40dbf91c68ca"},
    {file = "pyrsistent-0.18.1-cp38-cp38-win_amd64.whl", hash = "sha256:d1b96547410f76078eaf66d282ddca2e4baae8964364abb4f4dcdde855cd123a"},
    {file = "pyrsistent-0.18.1-cp39-cp39-macosx_10_9_universal2.whl", hash = "sha256:f87cc2863ef33c709e237d4b5f4502a62a00fab450c9e020892e8e2ede5847f5"},
    {file = "pyrsistent-0.18.1-cp39-cp39-manylinux_2_17_x86_64.manylinux2014_x86_64.whl", hash = "sha256:6bc66318fb7ee012071b2792024564973ecc80e9522842eb4e17743604b5e045"},
    {file = "pyrsistent-0.18.1-cp39-cp39-manylinux_2_5_i686.manylinux1_i686.manylinux_2_17_i686.manylinux2014_i686.whl", hash = "sha256:914474c9f1d93080338ace89cb2acee74f4f666fb0424896fcfb8d86058bf17c"},
    {file = "pyrsistent-0.18.1-cp39-cp39-win32.whl", hash = "sha256:1b34eedd6812bf4d33814fca1b66005805d3640ce53140ab8bbb1e2651b0d9bc"},
    {file = "pyrsistent-0.18.1-cp39-cp39-win_amd64.whl", hash = "sha256:e24a828f57e0c337c8d8bb9f6b12f09dfdf0273da25fda9e314f0b684b415a07"},
    {file = "pyrsistent-0.18.1.tar.gz", hash = "sha256:d4d61f8b993a7255ba714df3aca52700f8125289f84f704cf80916517c46eb96"},
]
python-dateutil = [
    {file = "python-dateutil-2.8.2.tar.gz", hash = "sha256:0123cacc1627ae19ddf3c27a5de5bd67ee4586fbdd6440d9748f8abb483d3e86"},
    {file = "python_dateutil-2.8.2-py2.py3-none-any.whl", hash = "sha256:961d03dc3453ebbc59dbdea9e4e11c5651520a876d0f4db161e8674aae935da9"},
]
pytz = [
    {file = "pytz-2021.3-py2.py3-none-any.whl", hash = "sha256:3672058bc3453457b622aab7a1c3bfd5ab0bdae451512f6cf25f64ed37f5b87c"},
    {file = "pytz-2021.3.tar.gz", hash = "sha256:acad2d8b20a1af07d4e4c9d2e9285c5ed9104354062f275f3fcd88dcef4f1326"},
]
requests = [
    {file = "requests-2.27.1-py2.py3-none-any.whl", hash = "sha256:f22fa1e554c9ddfd16e6e41ac79759e17be9e492b3587efa038054674760e72d"},
    {file = "requests-2.27.1.tar.gz", hash = "sha256:68d7c56fd5a8999887728ef304a6d12edc7be74f1cfa47714fc8b414525c9a61"},
]
retrieve-external = []
six = [
    {file = "six-1.16.0-py2.py3-none-any.whl", hash = "sha256:8abb2f1d86890a2dfb989f9a77cfcfd3e47c2a354b01111771326f8aa26e0254"},
    {file = "six-1.16.0.tar.gz", hash = "sha256:1e61c37477a1626458e36f7b1d82aa5c9b094fa4802892072e49de9c60c4c926"},
]
soupsieve = [
    {file = "soupsieve-2.3.1-py3-none-any.whl", hash = "sha256:1a3cca2617c6b38c0343ed661b1fa5de5637f257d4fe22bd9f1338010a1efefb"},
    {file = "soupsieve-2.3.1.tar.gz", hash = "sha256:b8d49b1cd4f037c7082a9683dfa1801aa2597fb11c3a1155b7a5b94829b4f1f9"},
]
traceutils = []
typing-extensions = [
    {file = "typing_extensions-4.1.1-py3-none-any.whl", hash = "sha256:21c85e0fe4b9a155d0799430b0ad741cdce7e359660ccbd8b530613e8df88ce2"},
    {file = "typing_extensions-4.1.1.tar.gz", hash = "sha256:1a9462dcc3347a79b1f1c0271fbe79e844580bb598bafa1ed208b94da3cdcd42"},
]
ujson = [
    {file = "ujson-5.1.0-cp310-cp310-macosx_10_9_x86_64.whl", hash = "sha256:644552d1e89983c08d0c24358fbcb5829ae5b5deee9d876e16d20085cfa7dc81"},
    {file = "ujson-5.1.0-cp310-cp310-macosx_11_0_arm64.whl", hash = "sha256:0cae4a9c141856f7ad1a79c17ff1aaebf7fd8faa2f2c2614c37d6f82ed261d96"},
    {file = "ujson-5.1.0-cp310-cp310-manylinux_2_17_aarch64.manylinux2014_aarch64.whl", hash = "sha256:4ba63b789d83ca92237dbc72041a268d91559f981c01763a107105878bae442e"},
    {file = "ujson-5.1.0-cp310-cp310-manylinux_2_17_x86_64.manylinux2014_x86_64.whl", hash = "sha256:fe4e8f71e2fd42dce245bace7e2aa97dabef13926750a351eadca89a1e0f1abd"},
    {file = "ujson-5.1.0-cp310-cp310-manylinux_2_5_i686.manylinux1_i686.manylinux_2_17_i686.manylinux2014_i686.whl", hash = "sha256:6f73946c047a38640b1f5a2a459237b7bdc417ab028a76c796e4eea984b359b9"},
    {file = "ujson-5.1.0-cp310-cp310-musllinux_1_1_aarch64.whl", hash = "sha256:afe91153c2046fa8210b92def513124e0ea5b87ad8fa4c14fef8197204b980f1"},
    {file = "ujson-5.1.0-cp310-cp310-musllinux_1_1_i686.whl", hash = "sha256:b1ef400fc73ab0cb61b74a662ad4207917223aba6f933a9fea9b0fbe75de2361"},
    {file = "ujson-5.1.0-cp310-cp310-musllinux_1_1_x86_64.whl", hash = "sha256:5c8a884d60dd2eed2fc95a9474d57ead82adf254f54caffb3d9e8ed185c49aba"},
    {file = "ujson-5.1.0-cp310-cp310-win32.whl", hash = "sha256:173b90a2c2836ee42f708df88ecfe3efbc4d868df73c9fcea8cb8f6f3ab93892"},
    {file = "ujson-5.1.0-cp310-cp310-win_amd64.whl", hash = "sha256:6c45ad95e82155372d9908774db46e0ef7880af28a734d0b14eaa4f505e64982"},
    {file = "ujson-5.1.0-cp37-cp37m-macosx_10_9_x86_64.whl", hash = "sha256:4155a7c29bf330329519027c815e15e381c1fff22f50d26f135584d482bbd95d"},
    {file = "ujson-5.1.0-cp37-cp37m-manylinux_2_17_aarch64.manylinux2014_aarch64.whl", hash = "sha256:fa616d0d3c594785c6e9b7f42686bb1c86f9e64aa0f30a72c86d8eb315f54194"},
    {file = "ujson-5.1.0-cp37-cp37m-manylinux_2_17_x86_64.manylinux2014_x86_64.whl", hash = "sha256:a48efcb5d3695b295c26835ed81048da8cd40e76c4fde2940c807aa452b560c9"},
    {file = "ujson-5.1.0-cp37-cp37m-manylinux_2_5_i686.manylinux1_i686.manylinux_2_17_i686.manylinux2014_i686.whl", hash = "sha256:838d35eb9006d36f9241e95958d9f4819bcf1ea2ec155daf92d5751c31bcc62b"},
    {file = "ujson-5.1.0-cp37-cp37m-musllinux_1_1_aarch64.whl", hash = "sha256:05aa6c7297a22081f65497b6f586de6b7060ea47c3ecda80896f47200e9dbf04"},
    {file = "ujson-5.1.0-cp37-cp37m-musllinux_1_1_i686.whl", hash = "sha256:ce441ab7ad1db592e2db95b6c2a1eb882123532897340afac1342c28819e9833"},
    {file = "ujson-5.1.0-cp37-cp37m-musllinux_1_1_x86_64.whl", hash = "sha256:9937e819196b894ffd00801b24f1042dabda142f355313c3f20410993219bc4f"},
    {file = "ujson-5.1.0-cp37-cp37m-win32.whl", hash = "sha256:06bed66ae62d517f67a61cf53c056800b35ef364270723168a1db62702e2d30c"},
    {file = "ujson-5.1.0-cp37-cp37m-win_amd64.whl", hash = "sha256:74e41a0222e6e8136e38f103d6cc228e4e20f1c35cc80224a42804fd67fb35c8"},
    {file = "ujson-5.1.0-cp38-cp38-macosx_10_9_x86_64.whl", hash = "sha256:7bbb87f040e618bebe8c6257b3e4e8ae2f708dcbff3270c84718b3360a152799"},
    {file = "ujson-5.1.0-cp38-cp38-macosx_11_0_arm64.whl", hash = "sha256:68e38122115a8097fbe1cfe52979a797eaff91c10c1bf4b27774e5f30e7f723a"},
    {file = "ujson-5.1.0-cp38-cp38-manylinux_2_17_aarch64.manylinux2014_aarch64.whl", hash = "sha256:b09843123425337d2efee5c8ff6519e4dfc7b044db66c8bd560517fc1070a157"},
    {file = "ujson-5.1.0-cp38-cp38-manylinux_2_17_x86_64.manylinux2014_x86_64.whl", hash = "sha256:8dca10174a3bd482d969a2d12d0aec2fdd63fb974e255ec0147e36a516a2d68a"},
    {file = "ujson-5.1.0-cp38-cp38-manylinux_2_5_i686.manylinux1_i686.manylinux_2_17_i686.manylinux2014_i686.whl", hash = "sha256:202ae52f4a53f03c42ead6d046b1a146517e93bd757f517bdeef0a26228e0260"},
    {file = "ujson-5.1.0-cp38-cp38-musllinux_1_1_aarch64.whl", hash = "sha256:7a4bed7bd7b288cf73ba47bda27fdd1d78ef6906831489e7f296aef9e786eccb"},
    {file = "ujson-5.1.0-cp38-cp38-musllinux_1_1_i686.whl", hash = "sha256:d423956f8dfd98a075c9338b886414b6e3c2817dbf67935797466c998af39936"},
    {file = "ujson-5.1.0-cp38-cp38-musllinux_1_1_x86_64.whl", hash = "sha256:083c1078e4de3a39019e590c43865b17e07a763fee25b012e650bb4f42c89703"},
    {file = "ujson-5.1.0-cp38-cp38-win32.whl", hash = "sha256:31671ad99f0395eb881d698f2871dc64ff00fbd4380c5d9bfd8bff3d4c8f8d88"},
    {file = "ujson-5.1.0-cp38-cp38-win_amd64.whl", hash = "sha256:994eaf4369e6bc24258f59fe8c6345037abcf24557571814e27879851c4353aa"},
    {file = "ujson-5.1.0-cp39-cp39-macosx_10_9_x86_64.whl", hash = "sha256:00d6ea9702c2eaeaf1a826934eaba1b4c609c873379bf54e36ba7b7e128edf94"},
    {file = "ujson-5.1.0-cp39-cp39-macosx_11_0_arm64.whl", hash = "sha256:a53c4fe8e1c067e6c98b4526e982ed9486f08578ad8eb5f0e94f8cadf0c1d911"},
    {file = "ujson-5.1.0-cp39-cp39-manylinux_2_17_aarch64.manylinux2014_aarch64.whl", hash = "sha256:368f855779fded560724a6448838304621f498113a116d66bc5ed5ad5ad3ca92"},
    {file = "ujson-5.1.0-cp39-cp39-manylinux_2_17_x86_64.manylinux2014_x86_64.whl", hash = "sha256:4dd97e45a0f450ba2c43cda18147e54b8e41e886c22e3506c62f7d61e9e53b0d"},
    {file = "ujson-5.1.0-cp39-cp39-manylinux_2_5_i686.manylinux1_i686.manylinux_2_17_i686.manylinux2014_i686.whl", hash = "sha256:caeadbf95ce277f1f8f4f71913bc20c01f49fc9228f238920f9ff6f7645d2a5f"},
    {file = "ujson-5.1.0-cp39-cp39-musllinux_1_1_aarch64.whl", hash = "sha256:681fed63c948f757466eeb3aea98873e2ab8b2b18e9020c96a97479a513e2018"},
    {file = "ujson-5.1.0-cp39-cp39-musllinux_1_1_i686.whl", hash = "sha256:6fc4376266ae67f6d8f9e69386ab950eb84ba345c6fdbeb1884fa5b773c8c76b"},
    {file = "ujson-5.1.0-cp39-cp39-musllinux_1_1_x86_64.whl", hash = "sha256:585271d6ad545a2ccfc237582f70c160e627735c89d0ca2bde24afa321bc0750"},
    {file = "ujson-5.1.0-cp39-cp39-win32.whl", hash = "sha256:b631af423e6d5d35f9f37fbcc4fbdb6085abc1c441cf864c64b7fbb5b150faf7"},
    {file = "ujson-5.1.0-cp39-cp39-win_amd64.whl", hash = "sha256:08265db5ccff8b521ff68aee13a417d68cca784d7e711d961b92fda6ccffcc4f"},
    {file = "ujson-5.1.0-pp37-pypy37_pp73-macosx_10_9_x86_64.whl", hash = "sha256:e2b1c372583eb4363b42e21222d3a18116a41973781d502d61e1b0daf4b8352f"},
    {file = "ujson-5.1.0-pp37-pypy37_pp73-manylinux_2_17_aarch64.manylinux2014_aarch64.whl", hash = "sha256:51142c9d40439f299594e399bef8892a16586ded54c88d3af926865ca221a177"},
    {file = "ujson-5.1.0-pp37-pypy37_pp73-manylinux_2_17_x86_64.manylinux2014_x86_64.whl", hash = "sha256:7ba8be1717b1867a85b2413a8585bad0e4507a22d6af2c244e1c74151f6d5cc0"},
    {file = "ujson-5.1.0-pp37-pypy37_pp73-manylinux_2_5_i686.manylinux1_i686.manylinux_2_17_i686.manylinux2014_i686.whl", hash = "sha256:d0b26d9d6eb9a0979d37f28c715e717a409c9e03163e5cd8fa73aab806351ab5"},
    {file = "ujson-5.1.0-pp37-pypy37_pp73-win_amd64.whl", hash = "sha256:b2c7e4afde0d36926b091fa9613b18b65e911fcaa60024e8721f2dcfedc25329"},
    {file = "ujson-5.1.0-pp38-pypy38_pp73-macosx_10_9_x86_64.whl", hash = "sha256:110633a8dda6c8ca78090292231e15381f8b2423e998399d4bc5f135149c722b"},
    {file = "ujson-5.1.0-pp38-pypy38_pp73-manylinux_2_17_aarch64.manylinux2014_aarch64.whl", hash = "sha256:fdac161127ef8e0889180a4c07475457c55fe0bbd644436d8f4c7ef07565d653"},
    {file = "ujson-5.1.0-pp38-pypy38_pp73-manylinux_2_17_x86_64.manylinux2014_x86_64.whl", hash = "sha256:452990c2b18445a7379a45873527d2ec47789b9289c13a17a3c1cc76b9641126"},
    {file = "ujson-5.1.0-pp38-pypy38_pp73-manylinux_2_5_i686.manylinux1_i686.manylinux_2_17_i686.manylinux2014_i686.whl", hash = "sha256:5304ad25d100d50b5bc8513ef110335df678f66c7ccf3d4728c0c3aa69e08e0c"},
    {file = "ujson-5.1.0-pp38-pypy38_pp73-win_amd64.whl", hash = "sha256:ce620a6563b21aa3fbb1658bc1bfddb484a6dad542de1efb5121eb7bb4f2b93a"},
    {file = "ujson-5.1.0.tar.gz", hash = "sha256:a88944d2f99db71a3ca0c63d81f37e55b660edde0b07216fb65a3e46403ef004"},
]
urllib3 = [
    {file = "urllib3-1.26.8-py2.py3-none-any.whl", hash = "sha256:000ca7f471a233c2251c6c7023ee85305721bfdf18621ebff4fd17a8653427ed"},
    {file = "urllib3-1.26.8.tar.gz", hash = "sha256:0e7c33d9a63e7ddfcb86780aac87befc2fbddf46c58dbb487e0855f7ceec283c"},
]
zipp = [
    {file = "zipp-3.7.0-py3-none-any.whl", hash = "sha256:b47250dd24f92b7dd6a0a8fc5244da14608f3ca90a5efcd37a3b1642fac9a375"},
    {file = "zipp-3.7.0.tar.gz", hash = "sha256:9f50f446828eb9d45b267433fd3e9da8d801f614129124863f9c51ebceafb87d"},
]
